
Microsoft Visual Studio Solution File, Format Version 12.00
# Visual Studio Version 16
VisualStudioVersion = 16.0.28705.295
MinimumVisualStudioVersion = 10.0.40219.1
Project("{FAE04EC0-301F-11D3-BF4B-00C04F79EFBC}") = "Training", "Training\Training.csproj", "{312CC307-5527-4AE6-860D-D8DFC7E5FD80}"
EndProject
Global
	GlobalSection(SolutionConfigurationPlatforms) = preSolution
		Debug|Any CPU = Debug|Any CPU
		Release|Any CPU = Release|Any CPU
	EndGlobalSection
	GlobalSection(ProjectConfigurationPlatforms) = postSolution
		{312CC307-5527-4AE6-860D-D8DFC7E5FD80}.Debug|Any CPU.ActiveCfg = Debug|Any CPU
		{312CC307-5527-4AE6-860D-D8DFC7E5FD80}.Debug|Any CPU.Build.0 = Debug|Any CPU
		{312CC307-5527-4AE6-860D-D8DFC7E5FD80}.Release|Any CPU.ActiveCfg = Release|Any CPU
		{312CC307-5527-4AE6-860D-D8DFC7E5FD80}.Release|Any CPU.Build.0 = Release|Any CPU
	EndGlobalSection
	GlobalSection(SolutionProperties) = preSolution
		HideSolutionNode = FALSE
	EndGlobalSection
	GlobalSection(ExtensibilityGlobals) = postSolution
		SolutionGuid = {046297D3-3346-4964-9D1A-2585FEFF8E52}
	EndGlobalSection
EndGlobal
